# This file was autogenerated by Stack.
# You should not edit this file by hand.
# For more information, please see the documentation at:
#   https://docs.haskellstack.org/en/stable/lock_files

packages:
- completed:
    hackage: parallel-io-0.3.3@sha256:d51f902591a4e5009785217e21b1a5650d3d80fb6dc52535eddf2270a2fdef55,3421
    pantry-tree:
      size: 706
      sha256: 96c87187aba959bab8d7463398604209505a9458261ee054cfc953fdbdd472fe
  original:
    hackage: parallel-io-0.3.3
snapshots:
- completed:
    size: 586120
    url: https://raw.githubusercontent.com/commercialhaskell/stackage-snapshots/master/lts/18/22.yaml
    sha256: f9970d6f25c63e3e4265aa8e9c69a047ba8919d1107e4996bdd7555b75aad0eb
  original:
    url: https://raw.githubusercontent.com/commercialhaskell/stackage-snapshots/master/lts/18/22.yaml
